// !$*UTF8*$!
{
	archiveVersion = 1;
	classes = {
	};
	objectVersion = 46;
	objects = {

/* Begin PBXBuildFile section */
		F69BD9661B7309450073B227 /* CJQRScan.framework in Frameworks */ = {isa = PBXBuildFile; fileRef = F69BD9651B7309450073B227 /* CJQRScan.framework */; };
		F69BD9671B7309450073B227 /* CJQRScan.framework in Embed Frameworks */ = {isa = PBXBuildFile; fileRef = F69BD9651B7309450073B227 /* CJQRScan.framework */; settings = {ATTRIBUTES = (CodeSignOnCopy, RemoveHeadersOnCopy, ); }; };
		F6F1C31A1B71C514007C0535 /* main.m in Sources */ = {isa = PBXBuildFile; fileRef = F6F1C3191B71C514007C0535 /* main.m */; };
		F6F1C31D1B71C514007C0535 /* AppDelegate.m in Sources */ = {isa = PBXBuildFile; fileRef = F6F1C31C1B71C514007C0535 /* AppDelegate.m */; };
		F6F1C3201B71C514007C0535 /* ViewController.m in Sources */ = {isa = PBXBuildFile; fileRef = F6F1C31F1B71C514007C0535 /* ViewController.m */; };
		F6F1C3231B71C514007C0535 /* Main.storyboard in Resources */ = {isa = PBXBuildFile; fileRef = F6F1C3211B71C514007C0535 /* Main.storyboard */; };
		F6F1C3251B71C514007C0535 /* Images.xcassets in Resources */ = {isa = PBXBuildFile; fileRef = F6F1C3241B71C514007C0535 /* Images.xcassets */; };
		F6F1C3281B71C514007C0535 /* LaunchScreen.xib in Resources */ = {isa = PBXBuildFile; fileRef = F6F1C3261B71C514007C0535 /* LaunchScreen.xib */; };
		F6F1C3341B71C514007C0535 /* CJQRScanDemoTests.m in Sources */ = {isa = PBXBuildFile; fileRef = F6F1C3331B71C514007C0535 /* CJQRScanDemoTests.m */; };
/* End PBXBuildFile section */

/* Begin PBXContainerItemProxy section */
		F6F1C32E1B71C514007C0535 /* PBXContainerItemProxy */ = {
			isa = PBXContainerItemProxy;
			containerPortal = F6F1C30C1B71C514007C0535 /* Project object */;
			proxyType = 1;
			remoteGlobalIDString = F6F1C3131B71C514007C0535;
			remoteInfo = CJQRScanDemo;
		};
/* End PBXContainerItemProxy section */

/* Begin PBXCopyFilesBuildPhase section */
		F6F1C4031B71CB60007C0535 /* Embed Frameworks */ = {
			isa = PBXCopyFilesBuildPhase;
			buildActionMask = 2147483647;
			dstPath = "";
			dstSubfolderSpec = 10;
			files = (
				F69BD9671B7309450073B227 /* CJQRScan.framework in Embed Frameworks */,
			);
			name = "Embed Frameworks";
			runOnlyForDeploymentPostprocessing = 0;
		};
/* End PBXCopyFilesBuildPhase section */

/* Begin PBXFileReference section */
		F69BD9651B7309450073B227 /* CJQRScan.framework */ = {isa = PBXFileReference; explicitFileType = wrapper.framework; name = CJQRScan.framework; path = "/Users/prawn/Library/Developer/Xcode/DerivedData/CJQRScan-avycagtcxgmmzqfqxbmcjxqtrtmm/Build/Products/Debug-iphoneos/CJQRScan.framework"; sourceTree = "<absolute>"; };
		F6F1C3141B71C514007C0535 /* CJQRScanDemo.app */ = {isa = PBXFileReference; explicitFileType = wrapper.application; includeInIndex = 0; path = CJQRScanDemo.app; sourceTree = BUILT_PRODUCTS_DIR; };
		F6F1C3181B71C514007C0535 /* Info.plist */ = {isa = PBXFileReference; lastKnownFileType = text.plist.xml; path = Info.plist; sourceTree = "<group>"; };
		F6F1C3191B71C514007C0535 /* main.m */ = {isa = PBXFileReference; lastKnownFileType = sourcecode.c.objc; path = main.m; sourceTree = "<group>"; };
		F6F1C31B1B71C514007C0535 /* AppDelegate.h */ = {isa = PBXFileReference; lastKnownFileType = sourcecode.c.h; path = AppDelegate.h; sourceTree = "<group>"; };
		F6F1C31C1B71C514007C0535 /* AppDelegate.m */ = {isa = PBXFileReference; lastKnownFileType = sourcecode.c.objc; path = AppDelegate.m; sourceTree = "<group>"; };
		F6F1C31E1B71C514007C0535 /* ViewController.h */ = {isa = PBXFileReference; lastKnownFileType = sourcecode.c.h; path = ViewController.h; sourceTree = "<group>"; };
		F6F1C31F1B71C514007C0535 /* ViewController.m */ = {isa = PBXFileReference; lastKnownFileType = sourcecode.c.objc; path = ViewController.m; sourceTree = "<group>"; };
		F6F1C3221B71C514007C0535 /* Base */ = {isa = PBXFileReference; lastKnownFileType = file.storyboard; name = Base; path = Base.lproj/Main.storyboard; sourceTree = "<group>"; };
		F6F1C3241B71C514007C0535 /* Images.xcassets */ = {isa = PBXFileReference; lastKnownFileType = folder.assetcatalog; path = Images.xcassets; sourceTree = "<group>"; };
		F6F1C3271B71C514007C0535 /* Base */ = {isa = PBXFileReference; lastKnownFileType = file.xib; name = Base; path = Base.lproj/LaunchScreen.xib; sourceTree = "<group>"; };
		F6F1C32D1B71C514007C0535 /* CJQRScanDemoTests.xctest */ = {isa = PBXFileReference; explicitFileType = wrapper.cfbundle; includeInIndex = 0; path = CJQRScanDemoTests.xctest; sourceTree = BUILT_PRODUCTS_DIR; };
		F6F1C3321B71C514007C0535 /* Info.plist */ = {isa = PBXFileReference; lastKnownFileType = text.plist.xml; path = Info.plist; sourceTree = "<group>"; };
		F6F1C3331B71C514007C0535 /* CJQRScanDemoTests.m */ = {isa = PBXFileReference; lastKnownFileType = sourcecode.c.objc; path = CJQRScanDemoTests.m; sourceTree = "<group>"; };
/* End PBXFileReference section */

/* Begin PBXFrameworksBuildPhase section */
		F6F1C3111B71C514007C0535 /* Frameworks */ = {
			isa = PBXFrameworksBuildPhase;
			buildActionMask = 2147483647;
			files = (
				F69BD9661B7309450073B227 /* CJQRScan.framework in Frameworks */,
			);
			runOnlyForDeploymentPostprocessing = 0;
		};
		F6F1C32A1B71C514007C0535 /* Frameworks */ = {
			isa = PBXFrameworksBuildPhase;
			buildActionMask = 2147483647;
			files = (
			);
			runOnlyForDeploymentPostprocessing = 0;
		};
/* End PBXFrameworksBuildPhase section */

/* Begin PBXGroup section */
		F6F1C30B1B71C514007C0535 = {
			isa = PBXGroup;
			children = (
				F6F1C3161B71C514007C0535 /* CJQRScanDemo */,
				F6F1C3301B71C514007C0535 /* CJQRScanDemoTests */,
				F6F1C3151B71C514007C0535 /* Products */,
			);
			sourceTree = "<group>";
		};
		F6F1C3151B71C514007C0535 /* Products */ = {
			isa = PBXGroup;
			children = (
				F6F1C3141B71C514007C0535 /* CJQRScanDemo.app */,
				F6F1C32D1B71C514007C0535 /* CJQRScanDemoTests.xctest */,
			);
			name = Products;
			sourceTree = "<group>";
		};
		F6F1C3161B71C514007C0535 /* CJQRScanDemo */ = {
			isa = PBXGroup;
			children = (
				F69BD9651B7309450073B227 /* CJQRScan.framework */,
				F6F1C31B1B71C514007C0535 /* AppDelegate.h */,
				F6F1C31C1B71C514007C0535 /* AppDelegate.m */,
				F6F1C31E1B71C514007C0535 /* ViewController.h */,
				F6F1C31F1B71C514007C0535 /* ViewController.m */,
				F6F1C3211B71C514007C0535 /* Main.storyboard */,
				F6F1C3241B71C514007C0535 /* Images.xcassets */,
				F6F1C3261B71C514007C0535 /* LaunchScreen.xib */,
				F6F1C3171B71C514007C0535 /* Supporting Files */,
			);
			path = CJQRScanDemo;
			sourceTree = "<group>";
		};
		F6F1C3171B71C514007C0535 /* Supporting Files */ = {
			isa = PBXGroup;
			children = (
				F6F1C3181B71C514007C0535 /* Info.plist */,
				F6F1C3191B71C514007C0535 /* main.m */,
			);
			name = "Supporting Files";
			sourceTree = "<group>";
		};
		F6F1C3301B71C514007C0535 /* CJQRScanDemoTests */ = {
			isa = PBXGroup;
			children = (
				F6F1C3331B71C514007C0535 /* CJQRScanDemoTests.m */,
				F6F1C3311B71C514007C0535 /* Supporting Files */,
			);
			path = CJQRScanDemoTests;
			sourceTree = "<group>";
		};
		F6F1C3311B71C514007C0535 /* Supporting Files */ = {
			isa = PBXGroup;
			children = (
				F6F1C3321B71C514007C0535 /* Info.plist */,
			);
			name = "Supporting Files";
			sourceTree = "<group>";
		};
/* End PBXGroup section */

/* Begin PBXNativeTarget section */
		F6F1C3131B71C514007C0535 /* CJQRScanDemo */ = {
			isa = PBXNativeTarget;
			buildConfigurationList = F6F1C3371B71C514007C0535 /* Build configuration list for PBXNativeTarget "CJQRScanDemo" */;
			buildPhases = (
				F6F1C3101B71C514007C0535 /* Sources */,
				F6F1C3111B71C514007C0535 /* Frameworks */,
				F6F1C3121B71C514007C0535 /* Resources */,
				F6F1C4031B71CB60007C0535 /* Embed Frameworks */,
			);
			buildRules = (
			);
			dependencies = (
			);
			name = CJQRScanDemo;
			productName = CJQRScanDemo;
			productReference = F6F1C3141B71C514007C0535 /* CJQRScanDemo.app */;
			productType = "com.apple.product-type.application";
		};
		F6F1C32C1B71C514007C0535 /* CJQRScanDemoTests */ = {
			isa = PBXNativeTarget;
			buildConfigurationList = F6F1C33A1B71C514007C0535 /* Build configuration list for PBXNativeTarget "CJQRScanDemoTests" */;
			buildPhases = (
				F6F1C3291B71C514007C0535 /* Sources */,
				F6F1C32A1B71C514007C0535 /* Frameworks */,
				F6F1C32B1B71C514007C0535 /* Resources */,
			);
			buildRules = (
			);
			dependencies = (
				F6F1C32F1B71C514007C0535 /* PBXTargetDependency */,
			);
			name = CJQRScanDemoTests;
			productName = CJQRScanDemoTests;
			productReference = F6F1C32D1B71C514007C0535 /* CJQRScanDemoTests.xctest */;
			productType = "com.apple.product-type.bundle.unit-test";
		};
/* End PBXNativeTarget section */

/* Begin PBXProject section */
		F6F1C30C1B71C514007C0535 /* Project object */ = {
			isa = PBXProject;
			attributes = {
				LastUpgradeCheck = 0640;
				ORGANIZATIONNAME = Jarvis;
				TargetAttributes = {
					F6F1C3131B71C514007C0535 = {
						CreatedOnToolsVersion = 6.4;
					};
					F6F1C32C1B71C514007C0535 = {
						CreatedOnToolsVersion = 6.4;
						TestTargetID = F6F1C3131B71C514007C0535;
					};
				};
			};
			buildConfigurationList = F6F1C30F1B71C514007C0535 /* Build configuration list for PBXProject "CJQRScanDemo" */;
			compatibilityVersion = "Xcode 3.2";
			developmentRegion = English;
			hasScannedForEncodings = 0;
			knownRegions = (
				en,
				Base,
			);
			mainGroup = F6F1C30B1B71C514007C0535;
			productRefGroup = F6F1C3151B71C514007C0535 /* Products */;
			projectDirPath = "";
			projectRoot = "";
			targets = (
				F6F1C3131B71C514007C0535 /* CJQRScanDemo */,
				F6F1C32C1B71C514007C0535 /* CJQRScanDemoTests */,
			);
		};
/* End PBXProject section */

/* Begin PBXResourcesBuildPhase section */
		F6F1C3121B71C514007C0535 /* Resources */ = {
			isa = PBXResourcesBuildPhase;
			buildActionMask = 2147483647;
			files = (
				F6F1C3231B71C514007C0535 /* Main.storyboard in Resources */,
				F6F1C3281B71C514007C0535 /* LaunchScreen.xib in Resources */,
				F6F1C3251B71C514007C0535 /* Images.xcassets in Resources */,
			);
			runOnlyForDeploymentPostprocessing = 0;
		};
		F6F1C32B1B71C514007C0535 /* Resources */ = {
			isa = PBXResourcesBuildPhase;
			buildActionMask = 2147483647;
			files = (
			);
			runOnlyForDeploymentPostprocessing = 0;
		};
/* End PBXResourcesBuildPhase section */

/* Begin PBXSourcesBuildPhase section */
		F6F1C3101B71C514007C0535 /* Sources */ = {
			isa = PBXSourcesBuildPhase;
			buildActionMask = 2147483647;
			files = (
				F6F1C3201B71C514007C0535 /* ViewController.m in Sources */,
				F6F1C31D1B71C514007C0535 /* AppDelegate.m in Sources */,
				F6F1C31A1B71C514007C0535 /* main.m in Sources */,
			);
			runOnlyForDeploymentPostprocessing = 0;
		};
		F6F1C3291B71C514007C0535 /* Sources */ = {
			isa = PBXSourcesBuildPhase;
			buildActionMask = 2147483647;
			files = (
				F6F1C3341B71C514007C0535 /* CJQRScanDemoTests.m in Sources */,
			);
			runOnlyForDeploymentPostprocessing = 0;
		};
/* End PBXSourcesBuildPhase section */

/* Begin PBXTargetDependency section */
		F6F1C32F1B71C514007C0535 /* PBXTargetDependency */ = {
			isa = PBXTargetDependency;
			target = F6F1C3131B71C514007C0535 /* CJQRScanDemo */;
			targetProxy = F6F1C32E1B71C514007C0535 /* PBXContainerItemProxy */;
		};
/* End PBXTargetDependency section */

/* Begin PBXVariantGroup section */
		F6F1C3211B71C514007C0535 /* Main.storyboard */ = {
			isa = PBXVariantGroup;
			children = (
				F6F1C3221B71C514007C0535 /* Base */,
			);
			name = Main.storyboard;
			sourceTree = "<group>";
		};
		F6F1C3261B71C514007C0535 /* LaunchScreen.xib */ = {
			isa = PBXVariantGroup;
			children = (
				F6F1C3271B71C514007C0535 /* Base */,
			);
			name = LaunchScreen.xib;
			sourceTree = "<group>";
		};
/* End PBXVariantGroup section */

/* Begin XCBuildConfiguration section */
		F6F1C3351B71C514007C0535 /* Debug */ = {
			isa = XCBuildConfiguration;
			buildSettings = {
				ALWAYS_SEARCH_USER_PATHS = NO;
				CLANG_CXX_LANGUAGE_STANDARD = "gnu++0x";
				CLANG_CXX_LIBRARY = "libc++";
				CLANG_ENABLE_MODULES = YES;
				CLANG_ENABLE_OBJC_ARC = YES;
				CLANG_WARN_BOOL_CONVERSION = YES;
				CLANG_WARN_CONSTANT_CONVERSION = YES;
				CLANG_WARN_DIRECT_OBJC_ISA_USAGE = YES_ERROR;
				CLANG_WARN_EMPTY_BODY = YES;
				CLANG_WARN_ENUM_CONVERSION = YES;
				CLANG_WARN_INT_CONVERSION = YES;
				CLANG_WARN_OBJC_ROOT_CLASS = YES_ERROR;
				CLANG_WARN_UNREACHABLE_CODE = YES;
				CLANG_WARN__DUPLICATE_METHOD_MATCH = YES;
				"CODE_SIGN_IDENTITY[sdk=iphoneos*]" = "iPhone Developer";
				COPY_PHASE_STRIP = NO;
				DEBUG_INFORMATION_FORMAT = "dwarf-with-dsym";
				ENABLE_STRICT_OBJC_MSGSEND = YES;
				GCC_C_LANGUAGE_STANDARD = gnu99;
				GCC_DYNAMIC_NO_PIC = NO;
				GCC_NO_COMMON_BLOCKS = YES;
				GCC_OPTIMIZATION_LEVEL = 0;
				GCC_PREPROCESSOR_DEFINITIONS = (
					"DEBUG=1",
					"$(inherited)",
				);
				GCC_SYMBOLS_PRIVATE_EXTERN = NO;
				GCC_WARN_64_TO_32_BIT_CONVERSION = YES;
				GCC_WARN_ABOUT_RETURN_TYPE = YES_ERROR;
				GCC_WARN_UNDECLARED_SELECTOR = YES;
				GCC_WARN_UNINITIALIZED_AUTOS = YES_AGGRESSIVE;
				GCC_WARN_UNUSED_FUNCTION = YES;
				GCC_WARN_UNUSED_VARIABLE = YES;
				IPHONEOS_DEPLOYMENT_TARGET = 8.4;
				MTL_ENABLE_DEBUG_INFO = YES;
				ONLY_ACTIVE_ARCH = YES;
				SDKROOT = iphoneos;
			};
			name = Debug;
		};
		F6F1C3361B71C514007C0535 /* Release */ = {
			isa = XCBuildConfiguration;
			buildSettings = {
				ALWAYS_SEARCH_USER_PATHS = NO;
				CLANG_CXX_LANGUAGE_STANDARD = "gnu++0x";
				CLANG_CXX_LIBRARY = "libc++";
				CLANG_ENABLE_MODULES = YES;
				CLANG_ENABLE_OBJC_ARC = YES;
				CLANG_WARN_BOOL_CONVERSION = YES;
				CLANG_WARN_CONSTANT_CONVERSION = YES;
				CLANG_WARN_DIRECT_OBJC_ISA_USAGE = YES_ERROR;
				CLANG_WARN_EMPTY_BODY = YES;
				CLANG_WARN_ENUM_CONVERSION = YES;
				CLANG_WARN_INT_CONVERSION = YES;
				CLANG_WARN_OBJC_ROOT_CLASS = YES_ERROR;
				CLANG_WARN_UNREACHABLE_CODE = YES;
				CLANG_WARN__DUPLICATE_METHOD_MATCH = YES;
				"CODE_SIGN_IDENTITY[sdk=iphoneos*]" = "iPhone Developer";
				COPY_PHASE_STRIP = NO;
				DEBUG_INFORMATION_FORMAT = "dwarf-with-dsym";
				ENABLE_NS_ASSERTIONS = NO;
				ENABLE_STRICT_OBJC_MSGSEND = YES;
				GCC_C_LANGUAGE_STANDARD = gnu99;
				GCC_NO_COMMON_BLOCKS = YES;
				GCC_WARN_64_TO_32_BIT_CONVERSION = YES;
				GCC_WARN_ABOUT_RETURN_TYPE = YES_ERROR;
				GCC_WARN_UNDECLARED_SELECTOR = YES;
				GCC_WARN_UNINITIALIZED_AUTOS = YES_AGGRESSIVE;
				GCC_WARN_UNUSED_FUNCTION = YES;
				GCC_WARN_UNUSED_VARIABLE = YES;
				IPHONEOS_DEPLOYMENT_TARGET = 8.4;
				MTL_ENABLE_DEBUG_INFO = NO;
				SDKROOT = iphoneos;
				VALIDATE_PRODUCT = YES;
			};
			name = Release;
		};
		F6F1C3381B71C514007C0535 /* Debug */ = {
			isa = XCBuildConfiguration;
			buildSettings = {
				ASSETCATALOG_COMPILER_APPICON_NAME = AppIcon;
				FRAMEWORK_SEARCH_PATHS = (
					"$(inherited)",
					/Users/prawn/Documents/Develop/Develop/PrivateLibrary/CJQRScan/framework,
					/Users/prawn/Documents/Develop/Develop/PrivateLibrary/CJQRScan/CJQRScan/Products,
					"$(USER_LIBRARY_DIR)/Developer/Xcode/DerivedData/CJQRScan-avycagtcxgmmzqfqxbmcjxqtrtmm/Build/Products/Debug-iphoneos",
				);
				INFOPLIST_FILE = CJQRScanDemo/Info.plist;
				IPHONEOS_DEPLOYMENT_TARGET = 8.0;
				LD_RUNPATH_SEARCH_PATHS = "$(inherited) @executable_path/Frameworks";
				PRODUCT_NAME = "$(TARGET_NAME)";
			};
			name = Debug;
		};
		F6F1C3391B71C514007C0535 /* Release */ = {
			isa = XCBuildConfiguration;
			buildSettings = {
				ASSETCATALOG_COMPILER_APPICON_NAME = AppIcon;
				FRAMEWORK_SEARCH_PATHS = (
					"$(inherited)",
					/Users/prawn/Documents/Develop/Develop/PrivateLibrary/CJQRScan/framework,
					/Users/prawn/Documents/Develop/Develop/PrivateLibrary/CJQRScan/CJQRScan/Products,
					"$(USER_LIBRARY_DIR)/Developer/Xcode/DerivedData/CJQRScan-avycagtcxgmmzqfqxbmcjxqtrtmm/Build/Products/Debug-iphoneos",
				);
				INFOPLIST_FILE = CJQRScanDemo/Info.plist;
				IPHONEOS_DEPLOYMENT_TARGET = 8.0;
				LD_RUNPATH_SEARCH_PATHS = "$(inherited) @executable_path/Frameworks";
				PRODUCT_NAME = "$(TARGET_NAME)";
			};
			name = Release;
		};
		F6F1C33B1B71C514007C0535 /* Debug */ = {
			isa = XCBuildConfiguration;
			buildSettings = {
				BUNDLE_LOADER = "$(TEST_HOST)";
				FRAMEWORK_SEARCH_PATHS = (
					"$(SDKROOT)/Developer/Library/Frameworks",
					"$(inherited)",
				);
				GCC_PREPROCESSOR_DEFINITIONS = (
					"DEBUG=1",
					"$(inherited)",
				);
				INFOPLIST_FILE = CJQRScanDemoTests/Info.plist;
				LD_RUNPATH_SEARCH_PATHS = "$(inherited) @executable_path/Frameworks @loader_path/Frameworks";
				PRODUCT_NAME = "$(TARGET_NAME)";
				TEST_HOST = "$(BUILT_PRODUCTS_DIR)/CJQRScanDemo.app/CJQRScanDemo";
			};
			name = Debug;
		};
		F6F1C33C1B71C514007C0535 /* Release */ = {
			isa = XCBuildConfiguration;
			buildSettings = {
				BUNDLE_LOADER = "$(TEST_HOST)";
				FRAMEWORK_SEARCH_PATHS = (
					"$(SDKROOT)/Developer/Library/Frameworks",
					"$(inherited)",
				);
				INFOPLIST_FILE = CJQRScanDemoTests/Info.plist;
				LD_RUNPATH_SEARCH_PATHS = "$(inherited) @executable_path/Frameworks @loader_path/Frameworks";
				PRODUCT_NAME = "$(TARGET_NAME)";
				TEST_HOST = "$(BUILT_PRODUCTS_DIR)/CJQRScanDemo.app/CJQRScanDemo";
			};
			name = Release;
		};
/* End XCBuildConfiguration section */

/* Begin XCConfigurationList section */
		F6F1C30F1B71C514007C0535 /* Build configuration list for PBXProject "CJQRScanDemo" */ = {
			isa = XCConfigurationList;
			buildConfigurations = (
				F6F1C3351B71C514007C0535 /* Debug */,
				F6F1C3361B71C514007C0535 /* Release */,
			);
			defaultConfigurationIsVisible = 0;
			defaultConfigurationName = Release;
		};
		F6F1C3371B71C514007C0535 /* Build configuration list for PBXNativeTarget "CJQRScanDemo" */ = {
			isa = XCConfigurationList;
			buildConfigurations = (
				F6F1C3381B71C514007C0535 /* Debug */,
				F6F1C3391B71C514007C0535 /* Release */,
			);
			defaultConfigurationIsVisible = 0;
			defaultConfigurationName = Release;
		};
		F6F1C33A1B71C514007C0535 /* Build configuration list for PBXNativeTarget "CJQRScanDemoTests" */ = {
			isa = XCConfigurationList;
			buildConfigurations = (
				F6F1C33B1B71C514007C0535 /* Debug */,
				F6F1C33C1B71C514007C0535 /* Release */,
			);
			defaultConfigurationIsVisible = 0;
			defaultConfigurationName = Release;
		};
/* End XCConfigurationList section */
	};
	rootObject = F6F1C30C1B71C514007C0535 /* Project object */;
}
